
Microsoft Visual Studio Solution File, Format Version 12.00
# Visual Studio Version 17
VisualStudioVersion = 17.11.35327.3
MinimumVisualStudioVersion = 10.0.40219.1
Project("{FAE04EC0-301F-11D3-BF4B-00C04F79EFBC}") = "PirateDatabase", "PirateDatabase\PirateDatabase.csproj", "{21C67F36-6A0D-4FA0-9A15-B18FC63C55A0}"
EndProject
Global
	GlobalSection(SolutionConfigurationPlatforms) = preSolution
		Debug|Any CPU = Debug|Any CPU
		Release|Any CPU = Release|Any CPU
	EndGlobalSection
	GlobalSection(ProjectConfigurationPlatforms) = postSolution
		{21C67F36-6A0D-4FA0-9A15-B18FC63C55A0}.Debug|Any CPU.ActiveCfg = Debug|Any CPU
		{21C67F36-6A0D-4FA0-9A15-B18FC63C55A0}.Debug|Any CPU.Build.0 = Debug|Any CPU
		{21C67F36-6A0D-4FA0-9A15-B18FC63C55A0}.Release|Any CPU.ActiveCfg = Release|Any CPU
		{21C67F36-6A0D-4FA0-9A15-B18FC63C55A0}.Release|Any CPU.Build.0 = Release|Any CPU
	EndGlobalSection
	GlobalSection(SolutionProperties) = preSolution
		HideSolutionNode = FALSE
	EndGlobalSection
	GlobalSection(ExtensibilityGlobals) = postSolution
		SolutionGuid = {ECDCDF80-B9C0-4117-9EAE-D00ABF16742D}
	EndGlobalSection
EndGlobal
